// !$*UTF8*$!
{
	archiveVersion = 1;
	classes = {
	};
	objectVersion = 55;
	objects = {

/* Begin PBXBuildFile section */
		261533AA297EE57C00094741 /* DetailView.swift in Sources */ = {isa = PBXBuildFile; fileRef = 261533A9297EE57C00094741 /* DetailView.swift */; };
		264D30EF297FA70D007EB7C8 /* DetailEditView.swift in Sources */ = {isa = PBXBuildFile; fileRef = 264D30EE297FA70C007EB7C8 /* DetailEditView.swift */; };
		264D30F1297FC813007EB7C8 /* ThemeView.swift in Sources */ = {isa = PBXBuildFile; fileRef = 264D30F0297FC813007EB7C8 /* ThemeView.swift */; };
		264D30F3297FCBD0007EB7C8 /* ThemePicker.swift in Sources */ = {isa = PBXBuildFile; fileRef = 264D30F2297FCBD0007EB7C8 /* ThemePicker.swift */; };
		264D30F5297FF417007EB7C8 /* MeetingHeaderView.swift in Sources */ = {isa = PBXBuildFile; fileRef = 264D30F4297FF417007EB7C8 /* MeetingHeaderView.swift */; };
		264D30F7297FFA1A007EB7C8 /* ScrumProgressViewStyle.swift in Sources */ = {isa = PBXBuildFile; fileRef = 264D30F6297FFA1A007EB7C8 /* ScrumProgressViewStyle.swift */; };
		264D30F9298034E2007EB7C8 /* ScrumTimer.swift in Sources */ = {isa = PBXBuildFile; fileRef = 264D30F8298034E2007EB7C8 /* ScrumTimer.swift */; };
		264D30FB2980D5E1007EB7C8 /* MeetingFooterView.swift in Sources */ = {isa = PBXBuildFile; fileRef = 264D30FA2980D5E1007EB7C8 /* MeetingFooterView.swift */; };
		26F80894297E91B0001044EE /* ScrumdingerApp.swift in Sources */ = {isa = PBXBuildFile; fileRef = 26F80893297E91B0001044EE /* ScrumdingerApp.swift */; };
		26F80896297E91B0001044EE /* MeetingView.swift in Sources */ = {isa = PBXBuildFile; fileRef = 26F80895297E91B0001044EE /* MeetingView.swift */; };
		26F80898297E91B3001044EE /* Assets.xcassets in Resources */ = {isa = PBXBuildFile; fileRef = 26F80897297E91B3001044EE /* Assets.xcassets */; };
		26F8089B297E91B3001044EE /* Preview Assets.xcassets in Resources */ = {isa = PBXBuildFile; fileRef = 26F8089A297E91B3001044EE /* Preview Assets.xcassets */; };
		26F808A5297E91B3001044EE /* ScrumdingerTests.swift in Sources */ = {isa = PBXBuildFile; fileRef = 26F808A4297E91B3001044EE /* ScrumdingerTests.swift */; };
		26F808AF297E91B4001044EE /* ScrumdingerUITests.swift in Sources */ = {isa = PBXBuildFile; fileRef = 26F808AE297E91B4001044EE /* ScrumdingerUITests.swift */; };
		26F808B1297E91B4001044EE /* ScrumdingerUITestsLaunchTests.swift in Sources */ = {isa = PBXBuildFile; fileRef = 26F808B0297E91B4001044EE /* ScrumdingerUITestsLaunchTests.swift */; };
		26F808BF297E99E8001044EE /* Theme.swift in Sources */ = {isa = PBXBuildFile; fileRef = 26F808BE297E99E8001044EE /* Theme.swift */; };
		26F808C1297E9AB9001044EE /* DailyScrum.swift in Sources */ = {isa = PBXBuildFile; fileRef = 26F808C0297E9AB9001044EE /* DailyScrum.swift */; };
		26F808C3297E9B38001044EE /* CardView.swift in Sources */ = {isa = PBXBuildFile; fileRef = 26F808C2297E9B38001044EE /* CardView.swift */; };
		26F808C6297EA0F7001044EE /* TrailingIconLabelStyle.swift in Sources */ = {isa = PBXBuildFile; fileRef = 26F808C5297EA0F7001044EE /* TrailingIconLabelStyle.swift */; };
		26F808C8297EA886001044EE /* ScrumsView.swift in Sources */ = {isa = PBXBuildFile; fileRef = 26F808C7297EA886001044EE /* ScrumsView.swift */; };
/* End PBXBuildFile section */

/* Begin PBXContainerItemProxy section */
		26F808A1297E91B3001044EE /* PBXContainerItemProxy */ = {
			isa = PBXContainerItemProxy;
			containerPortal = 26F80888297E91B0001044EE /* Project object */;
			proxyType = 1;
			remoteGlobalIDString = 26F8088F297E91B0001044EE;
			remoteInfo = Scrumdinger;
		};
		26F808AB297E91B3001044EE /* PBXContainerItemProxy */ = {
			isa = PBXContainerItemProxy;
			containerPortal = 26F80888297E91B0001044EE /* Project object */;
			proxyType = 1;
			remoteGlobalIDString = 26F8088F297E91B0001044EE;
			remoteInfo = Scrumdinger;
		};
/* End PBXContainerItemProxy section */

/* Begin PBXFileReference section */
		261533A9297EE57C00094741 /* DetailView.swift */ = {isa = PBXFileReference; lastKnownFileType = sourcecode.swift; path = DetailView.swift; sourceTree = "<group>"; };
		264D30EE297FA70C007EB7C8 /* DetailEditView.swift */ = {isa = PBXFileReference; lastKnownFileType = sourcecode.swift; path = DetailEditView.swift; sourceTree = "<group>"; };
		264D30F0297FC813007EB7C8 /* ThemeView.swift */ = {isa = PBXFileReference; lastKnownFileType = sourcecode.swift; path = ThemeView.swift; sourceTree = "<group>"; };
		264D30F2297FCBD0007EB7C8 /* ThemePicker.swift */ = {isa = PBXFileReference; lastKnownFileType = sourcecode.swift; path = ThemePicker.swift; sourceTree = "<group>"; };
		264D30F4297FF417007EB7C8 /* MeetingHeaderView.swift */ = {isa = PBXFileReference; lastKnownFileType = sourcecode.swift; path = MeetingHeaderView.swift; sourceTree = "<group>"; };
		264D30F6297FFA1A007EB7C8 /* ScrumProgressViewStyle.swift */ = {isa = PBXFileReference; fileEncoding = 4; lastKnownFileType = sourcecode.swift; path = ScrumProgressViewStyle.swift; sourceTree = "<group>"; };
		264D30F8298034E2007EB7C8 /* ScrumTimer.swift */ = {isa = PBXFileReference; lastKnownFileType = sourcecode.swift; path = ScrumTimer.swift; sourceTree = "<group>"; };
		264D30FA2980D5E1007EB7C8 /* MeetingFooterView.swift */ = {isa = PBXFileReference; lastKnownFileType = sourcecode.swift; path = MeetingFooterView.swift; sourceTree = "<group>"; };
		26F80890297E91B0001044EE /* Scrumdinger.app */ = {isa = PBXFileReference; explicitFileType = wrapper.application; includeInIndex = 0; path = Scrumdinger.app; sourceTree = BUILT_PRODUCTS_DIR; };
		26F80893297E91B0001044EE /* ScrumdingerApp.swift */ = {isa = PBXFileReference; lastKnownFileType = sourcecode.swift; path = ScrumdingerApp.swift; sourceTree = "<group>"; };
		26F80895297E91B0001044EE /* MeetingView.swift */ = {isa = PBXFileReference; lastKnownFileType = sourcecode.swift; path = MeetingView.swift; sourceTree = "<group>"; };
		26F80897297E91B3001044EE /* Assets.xcassets */ = {isa = PBXFileReference; lastKnownFileType = folder.assetcatalog; path = Assets.xcassets; sourceTree = "<group>"; };
		26F8089A297E91B3001044EE /* Preview Assets.xcassets */ = {isa = PBXFileReference; lastKnownFileType = folder.assetcatalog; path = "Preview Assets.xcassets"; sourceTree = "<group>"; };
		26F808A0297E91B3001044EE /* ScrumdingerTests.xctest */ = {isa = PBXFileReference; explicitFileType = wrapper.cfbundle; includeInIndex = 0; path = ScrumdingerTests.xctest; sourceTree = BUILT_PRODUCTS_DIR; };
		26F808A4297E91B3001044EE /* ScrumdingerTests.swift */ = {isa = PBXFileReference; lastKnownFileType = sourcecode.swift; path = ScrumdingerTests.swift; sourceTree = "<group>"; };
		26F808AA297E91B3001044EE /* ScrumdingerUITests.xctest */ = {isa = PBXFileReference; explicitFileType = wrapper.cfbundle; includeInIndex = 0; path = ScrumdingerUITests.xctest; sourceTree = BUILT_PRODUCTS_DIR; };
		26F808AE297E91B4001044EE /* ScrumdingerUITests.swift */ = {isa = PBXFileReference; lastKnownFileType = sourcecode.swift; path = ScrumdingerUITests.swift; sourceTree = "<group>"; };
		26F808B0297E91B4001044EE /* ScrumdingerUITestsLaunchTests.swift */ = {isa = PBXFileReference; lastKnownFileType = sourcecode.swift; path = ScrumdingerUITestsLaunchTests.swift; sourceTree = "<group>"; };
		26F808BE297E99E8001044EE /* Theme.swift */ = {isa = PBXFileReference; lastKnownFileType = sourcecode.swift; path = Theme.swift; sourceTree = "<group>"; };
		26F808C0297E9AB9001044EE /* DailyScrum.swift */ = {isa = PBXFileReference; lastKnownFileType = sourcecode.swift; path = DailyScrum.swift; sourceTree = "<group>"; };
		26F808C2297E9B38001044EE /* CardView.swift */ = {isa = PBXFileReference; lastKnownFileType = sourcecode.swift; path = CardView.swift; sourceTree = "<group>"; };
		26F808C5297EA0F7001044EE /* TrailingIconLabelStyle.swift */ = {isa = PBXFileReference; lastKnownFileType = sourcecode.swift; path = TrailingIconLabelStyle.swift; sourceTree = "<group>"; };
		26F808C7297EA886001044EE /* ScrumsView.swift */ = {isa = PBXFileReference; lastKnownFileType = sourcecode.swift; path = ScrumsView.swift; sourceTree = "<group>"; };
/* End PBXFileReference section */

/* Begin PBXFrameworksBuildPhase section */
		26F8088D297E91B0001044EE /* Frameworks */ = {
			isa = PBXFrameworksBuildPhase;
			buildActionMask = 2147483647;
			files = (
			);
			runOnlyForDeploymentPostprocessing = 0;
		};
		26F8089D297E91B3001044EE /* Frameworks */ = {
			isa = PBXFrameworksBuildPhase;
			buildActionMask = 2147483647;
			files = (
			);
			runOnlyForDeploymentPostprocessing = 0;
		};
		26F808A7297E91B3001044EE /* Frameworks */ = {
			isa = PBXFrameworksBuildPhase;
			buildActionMask = 2147483647;
			files = (
			);
			runOnlyForDeploymentPostprocessing = 0;
		};
/* End PBXFrameworksBuildPhase section */

/* Begin PBXGroup section */
		261533A8297EE54600094741 /* Views */ = {
			isa = PBXGroup;
			children = (
				26F80895297E91B0001044EE /* MeetingView.swift */,
				26F808C7297EA886001044EE /* ScrumsView.swift */,
				261533A9297EE57C00094741 /* DetailView.swift */,
				264D30EE297FA70C007EB7C8 /* DetailEditView.swift */,
			);
			path = Views;
			sourceTree = "<group>";
		};
		264D30FC2980D5EC007EB7C8 /* Helpers */ = {
			isa = PBXGroup;
			children = (
				26F808C5297EA0F7001044EE /* TrailingIconLabelStyle.swift */,
				264D30F2297FCBD0007EB7C8 /* ThemePicker.swift */,
				264D30F6297FFA1A007EB7C8 /* ScrumProgressViewStyle.swift */,
				264D30F8298034E2007EB7C8 /* ScrumTimer.swift */,
			);
			path = Helpers;
			sourceTree = "<group>";
		};
		26F80887297E91B0001044EE = {
			isa = PBXGroup;
			children = (
				26F80892297E91B0001044EE /* Scrumdinger */,
				26F808A3297E91B3001044EE /* ScrumdingerTests */,
				26F808AD297E91B4001044EE /* ScrumdingerUITests */,
				26F80891297E91B0001044EE /* Products */,
			);
			sourceTree = "<group>";
		};
		26F80891297E91B0001044EE /* Products */ = {
			isa = PBXGroup;
			children = (
				26F80890297E91B0001044EE /* Scrumdinger.app */,
				26F808A0297E91B3001044EE /* ScrumdingerTests.xctest */,
				26F808AA297E91B3001044EE /* ScrumdingerUITests.xctest */,
			);
			name = Products;
			sourceTree = "<group>";
		};
		26F80892297E91B0001044EE /* Scrumdinger */ = {
			isa = PBXGroup;
			children = (
				264D30FC2980D5EC007EB7C8 /* Helpers */,
				261533A8297EE54600094741 /* Views */,
				26F808C4297EA0E1001044EE /* CustomViews */,
				26F808BD297E99C4001044EE /* Models */,
				26F80893297E91B0001044EE /* ScrumdingerApp.swift */,
				26F80897297E91B3001044EE /* Assets.xcassets */,
				26F80899297E91B3001044EE /* Preview Content */,
			);
			path = Scrumdinger;
			sourceTree = "<group>";
		};
		26F80899297E91B3001044EE /* Preview Content */ = {
			isa = PBXGroup;
			children = (
				26F8089A297E91B3001044EE /* Preview Assets.xcassets */,
			);
			path = "Preview Content";
			sourceTree = "<group>";
		};
		26F808A3297E91B3001044EE /* ScrumdingerTests */ = {
			isa = PBXGroup;
			children = (
				26F808A4297E91B3001044EE /* ScrumdingerTests.swift */,
			);
			path = ScrumdingerTests;
			sourceTree = "<group>";
		};
		26F808AD297E91B4001044EE /* ScrumdingerUITests */ = {
			isa = PBXGroup;
			children = (
				26F808AE297E91B4001044EE /* ScrumdingerUITests.swift */,
				26F808B0297E91B4001044EE /* ScrumdingerUITestsLaunchTests.swift */,
			);
			path = ScrumdingerUITests;
			sourceTree = "<group>";
		};
		26F808BD297E99C4001044EE /* Models */ = {
			isa = PBXGroup;
			children = (
				26F808BE297E99E8001044EE /* Theme.swift */,
				26F808C0297E9AB9001044EE /* DailyScrum.swift */,
			);
			path = Models;
			sourceTree = "<group>";
		};
		26F808C4297EA0E1001044EE /* CustomViews */ = {
			isa = PBXGroup;
			children = (
				26F808C2297E9B38001044EE /* CardView.swift */,
				264D30F0297FC813007EB7C8 /* ThemeView.swift */,
				264D30F4297FF417007EB7C8 /* MeetingHeaderView.swift */,
				264D30FA2980D5E1007EB7C8 /* MeetingFooterView.swift */,
			);
			path = CustomViews;
			sourceTree = "<group>";
		};
/* End PBXGroup section */

/* Begin PBXNativeTarget section */
		26F8088F297E91B0001044EE /* Scrumdinger */ = {
			isa = PBXNativeTarget;
			buildConfigurationList = 26F808B4297E91B4001044EE /* Build configuration list for PBXNativeTarget "Scrumdinger" */;
			buildPhases = (
				26F8088C297E91B0001044EE /* Sources */,
				26F8088D297E91B0001044EE /* Frameworks */,
				26F8088E297E91B0001044EE /* Resources */,
			);
			buildRules = (
			);
			dependencies = (
			);
			name = Scrumdinger;
			productName = Scrumdinger;
			productReference = 26F80890297E91B0001044EE /* Scrumdinger.app */;
			productType = "com.apple.product-type.application";
		};
		26F8089F297E91B3001044EE /* ScrumdingerTests */ = {
			isa = PBXNativeTarget;
			buildConfigurationList = 26F808B7297E91B4001044EE /* Build configuration list for PBXNativeTarget "ScrumdingerTests" */;
			buildPhases = (
				26F8089C297E91B3001044EE /* Sources */,
				26F8089D297E91B3001044EE /* Frameworks */,
				26F8089E297E91B3001044EE /* Resources */,
			);
			buildRules = (
			);
			dependencies = (
				26F808A2297E91B3001044EE /* PBXTargetDependency */,
			);
			name = ScrumdingerTests;
			productName = ScrumdingerTests;
			productReference = 26F808A0297E91B3001044EE /* ScrumdingerTests.xctest */;
			productType = "com.apple.product-type.bundle.unit-test";
		};
		26F808A9297E91B3001044EE /* ScrumdingerUITests */ = {
			isa = PBXNativeTarget;
			buildConfigurationList = 26F808BA297E91B4001044EE /* Build configuration list for PBXNativeTarget "ScrumdingerUITests" */;
			buildPhases = (
				26F808A6297E91B3001044EE /* Sources */,
				26F808A7297E91B3001044EE /* Frameworks */,
				26F808A8297E91B3001044EE /* Resources */,
			);
			buildRules = (
			);
			dependencies = (
				26F808AC297E91B3001044EE /* PBXTargetDependency */,
			);
			name = ScrumdingerUITests;
			productName = ScrumdingerUITests;
			productReference = 26F808AA297E91B3001044EE /* ScrumdingerUITests.xctest */;
			productType = "com.apple.product-type.bundle.ui-testing";
		};
/* End PBXNativeTarget section */

/* Begin PBXProject section */
		26F80888297E91B0001044EE /* Project object */ = {
			isa = PBXProject;
			attributes = {
				BuildIndependentTargetsInParallel = 1;
				LastSwiftUpdateCheck = 1340;
				LastUpgradeCheck = 1340;
				TargetAttributes = {
					26F8088F297E91B0001044EE = {
						CreatedOnToolsVersion = 13.4.1;
					};
					26F8089F297E91B3001044EE = {
						CreatedOnToolsVersion = 13.4.1;
						TestTargetID = 26F8088F297E91B0001044EE;
					};
					26F808A9297E91B3001044EE = {
						CreatedOnToolsVersion = 13.4.1;
						TestTargetID = 26F8088F297E91B0001044EE;
					};
				};
			};
			buildConfigurationList = 26F8088B297E91B0001044EE /* Build configuration list for PBXProject "Scrumdinger" */;
			compatibilityVersion = "Xcode 13.0";
			developmentRegion = en;
			hasScannedForEncodings = 0;
			knownRegions = (
				en,
				Base,
			);
			mainGroup = 26F80887297E91B0001044EE;
			productRefGroup = 26F80891297E91B0001044EE /* Products */;
			projectDirPath = "";
			projectRoot = "";
			targets = (
				26F8088F297E91B0001044EE /* Scrumdinger */,
				26F8089F297E91B3001044EE /* ScrumdingerTests */,
				26F808A9297E91B3001044EE /* ScrumdingerUITests */,
			);
		};
/* End PBXProject section */

/* Begin PBXResourcesBuildPhase section */
		26F8088E297E91B0001044EE /* Resources */ = {
			isa = PBXResourcesBuildPhase;
			buildActionMask = 2147483647;
			files = (
				26F8089B297E91B3001044EE /* Preview Assets.xcassets in Resources */,
				26F80898297E91B3001044EE /* Assets.xcassets in Resources */,
			);
			runOnlyForDeploymentPostprocessing = 0;
		};
		26F8089E297E91B3001044EE /* Resources */ = {
			isa = PBXResourcesBuildPhase;
			buildActionMask = 2147483647;
			files = (
			);
			runOnlyForDeploymentPostprocessing = 0;
		};
		26F808A8297E91B3001044EE /* Resources */ = {
			isa = PBXResourcesBuildPhase;
			buildActionMask = 2147483647;
			files = (
			);
			runOnlyForDeploymentPostprocessing = 0;
		};
/* End PBXResourcesBuildPhase section */

/* Begin PBXSourcesBuildPhase section */
		26F8088C297E91B0001044EE /* Sources */ = {
			isa = PBXSourcesBuildPhase;
			buildActionMask = 2147483647;
			files = (
				264D30F3297FCBD0007EB7C8 /* ThemePicker.swift in Sources */,
				264D30F7297FFA1A007EB7C8 /* ScrumProgressViewStyle.swift in Sources */,
				264D30FB2980D5E1007EB7C8 /* MeetingFooterView.swift in Sources */,
				264D30F9298034E2007EB7C8 /* ScrumTimer.swift in Sources */,
				26F808C1297E9AB9001044EE /* DailyScrum.swift in Sources */,
				261533AA297EE57C00094741 /* DetailView.swift in Sources */,
				264D30F5297FF417007EB7C8 /* MeetingHeaderView.swift in Sources */,
				264D30EF297FA70D007EB7C8 /* DetailEditView.swift in Sources */,
				26F808C6297EA0F7001044EE /* TrailingIconLabelStyle.swift in Sources */,
				26F808BF297E99E8001044EE /* Theme.swift in Sources */,
				26F808C8297EA886001044EE /* ScrumsView.swift in Sources */,
				26F80896297E91B0001044EE /* MeetingView.swift in Sources */,
				26F80894297E91B0001044EE /* ScrumdingerApp.swift in Sources */,
				264D30F1297FC813007EB7C8 /* ThemeView.swift in Sources */,
				26F808C3297E9B38001044EE /* CardView.swift in Sources */,
			);
			runOnlyForDeploymentPostprocessing = 0;
		};
		26F8089C297E91B3001044EE /* Sources */ = {
			isa = PBXSourcesBuildPhase;
			buildActionMask = 2147483647;
			files = (
				26F808A5297E91B3001044EE /* ScrumdingerTests.swift in Sources */,
			);
			runOnlyForDeploymentPostprocessing = 0;
		};
		26F808A6297E91B3001044EE /* Sources */ = {
			isa = PBXSourcesBuildPhase;
			buildActionMask = 2147483647;
			files = (
				26F808B1297E91B4001044EE /* ScrumdingerUITestsLaunchTests.swift in Sources */,
				26F808AF297E91B4001044EE /* ScrumdingerUITests.swift in Sources */,
			);
			runOnlyForDeploymentPostprocessing = 0;
		};
/* End PBXSourcesBuildPhase section */

/* Begin PBXTargetDependency section */
		26F808A2297E91B3001044EE /* PBXTargetDependency */ = {
			isa = PBXTargetDependency;
			target = 26F8088F297E91B0001044EE /* Scrumdinger */;
			targetProxy = 26F808A1297E91B3001044EE /* PBXContainerItemProxy */;
		};
		26F808AC297E91B3001044EE /* PBXTargetDependency */ = {
			isa = PBXTargetDependency;
			target = 26F8088F297E91B0001044EE /* Scrumdinger */;
			targetProxy = 26F808AB297E91B3001044EE /* PBXContainerItemProxy */;
		};
/* End PBXTargetDependency section */

/* Begin XCBuildConfiguration section */
		26F808B2297E91B4001044EE /* Debug */ = {
			isa = XCBuildConfiguration;
			buildSettings = {
				ALWAYS_SEARCH_USER_PATHS = NO;
				CLANG_ANALYZER_NONNULL = YES;
				CLANG_ANALYZER_NUMBER_OBJECT_CONVERSION = YES_AGGRESSIVE;
				CLANG_CXX_LANGUAGE_STANDARD = "gnu++17";
				CLANG_ENABLE_MODULES = YES;
				CLANG_ENABLE_OBJC_ARC = YES;
				CLANG_ENABLE_OBJC_WEAK = YES;
				CLANG_WARN_BLOCK_CAPTURE_AUTORELEASING = YES;
				CLANG_WARN_BOOL_CONVERSION = YES;
				CLANG_WARN_COMMA = YES;
				CLANG_WARN_CONSTANT_CONVERSION = YES;
				CLANG_WARN_DEPRECATED_OBJC_IMPLEMENTATIONS = YES;
				CLANG_WARN_DIRECT_OBJC_ISA_USAGE = YES_ERROR;
				CLANG_WARN_DOCUMENTATION_COMMENTS = YES;
				CLANG_WARN_EMPTY_BODY = YES;
				CLANG_WARN_ENUM_CONVERSION = YES;
				CLANG_WARN_INFINITE_RECURSION = YES;
				CLANG_WARN_INT_CONVERSION = YES;
				CLANG_WARN_NON_LITERAL_NULL_CONVERSION = YES;
				CLANG_WARN_OBJC_IMPLICIT_RETAIN_SELF = YES;
				CLANG_WARN_OBJC_LITERAL_CONVERSION = YES;
				CLANG_WARN_OBJC_ROOT_CLASS = YES_ERROR;
				CLANG_WARN_QUOTED_INCLUDE_IN_FRAMEWORK_HEADER = YES;
				CLANG_WARN_RANGE_LOOP_ANALYSIS = YES;
				CLANG_WARN_STRICT_PROTOTYPES = YES;
				CLANG_WARN_SUSPICIOUS_MOVE = YES;
				CLANG_WARN_UNGUARDED_AVAILABILITY = YES_AGGRESSIVE;
				CLANG_WARN_UNREACHABLE_CODE = YES;
				CLANG_WARN__DUPLICATE_METHOD_MATCH = YES;
				COPY_PHASE_STRIP = NO;
				DEBUG_INFORMATION_FORMAT = dwarf;
				ENABLE_STRICT_OBJC_MSGSEND = YES;
				ENABLE_TESTABILITY = YES;
				GCC_C_LANGUAGE_STANDARD = gnu11;
				GCC_DYNAMIC_NO_PIC = NO;
				GCC_NO_COMMON_BLOCKS = YES;
				GCC_OPTIMIZATION_LEVEL = 0;
				GCC_PREPROCESSOR_DEFINITIONS = (
					"DEBUG=1",
					"$(inherited)",
				);
				GCC_WARN_64_TO_32_BIT_CONVERSION = YES;
				GCC_WARN_ABOUT_RETURN_TYPE = YES_ERROR;
				GCC_WARN_UNDECLARED_SELECTOR = YES;
				GCC_WARN_UNINITIALIZED_AUTOS = YES_AGGRESSIVE;
				GCC_WARN_UNUSED_FUNCTION = YES;
				GCC_WARN_UNUSED_VARIABLE = YES;
				IPHONEOS_DEPLOYMENT_TARGET = 15.5;
				MTL_ENABLE_DEBUG_INFO = INCLUDE_SOURCE;
				MTL_FAST_MATH = YES;
				ONLY_ACTIVE_ARCH = YES;
				SDKROOT = iphoneos;
				SWIFT_ACTIVE_COMPILATION_CONDITIONS = DEBUG;
				SWIFT_OPTIMIZATION_LEVEL = "-Onone";
			};
			name = Debug;
		};
		26F808B3297E91B4001044EE /* Release */ = {
			isa = XCBuildConfiguration;
			buildSettings = {
				ALWAYS_SEARCH_USER_PATHS = NO;
				CLANG_ANALYZER_NONNULL = YES;
				CLANG_ANALYZER_NUMBER_OBJECT_CONVERSION = YES_AGGRESSIVE;
				CLANG_CXX_LANGUAGE_STANDARD = "gnu++17";
				CLANG_ENABLE_MODULES = YES;
				CLANG_ENABLE_OBJC_ARC = YES;
				CLANG_ENABLE_OBJC_WEAK = YES;
				CLANG_WARN_BLOCK_CAPTURE_AUTORELEASING = YES;
				CLANG_WARN_BOOL_CONVERSION = YES;
				CLANG_WARN_COMMA = YES;
				CLANG_WARN_CONSTANT_CONVERSION = YES;
				CLANG_WARN_DEPRECATED_OBJC_IMPLEMENTATIONS = YES;
				CLANG_WARN_DIRECT_OBJC_ISA_USAGE = YES_ERROR;
				CLANG_WARN_DOCUMENTATION_COMMENTS = YES;
				CLANG_WARN_EMPTY_BODY = YES;
				CLANG_WARN_ENUM_CONVERSION = YES;
				CLANG_WARN_INFINITE_RECURSION = YES;
				CLANG_WARN_INT_CONVERSION = YES;
				CLANG_WARN_NON_LITERAL_NULL_CONVERSION = YES;
				CLANG_WARN_OBJC_IMPLICIT_RETAIN_SELF = YES;
				CLANG_WARN_OBJC_LITERAL_CONVERSION = YES;
				CLANG_WARN_OBJC_ROOT_CLASS = YES_ERROR;
				CLANG_WARN_QUOTED_INCLUDE_IN_FRAMEWORK_HEADER = YES;
				CLANG_WARN_RANGE_LOOP_ANALYSIS = YES;
				CLANG_WARN_STRICT_PROTOTYPES = YES;
				CLANG_WARN_SUSPICIOUS_MOVE = YES;
				CLANG_WARN_UNGUARDED_AVAILABILITY = YES_AGGRESSIVE;
				CLANG_WARN_UNREACHABLE_CODE = YES;
				CLANG_WARN__DUPLICATE_METHOD_MATCH = YES;
				COPY_PHASE_STRIP = NO;
				DEBUG_INFORMATION_FORMAT = "dwarf-with-dsym";
				ENABLE_NS_ASSERTIONS = NO;
				ENABLE_STRICT_OBJC_MSGSEND = YES;
				GCC_C_LANGUAGE_STANDARD = gnu11;
				GCC_NO_COMMON_BLOCKS = YES;
				GCC_WARN_64_TO_32_BIT_CONVERSION = YES;
				GCC_WARN_ABOUT_RETURN_TYPE = YES_ERROR;
				GCC_WARN_UNDECLARED_SELECTOR = YES;
				GCC_WARN_UNINITIALIZED_AUTOS = YES_AGGRESSIVE;
				GCC_WARN_UNUSED_FUNCTION = YES;
				GCC_WARN_UNUSED_VARIABLE = YES;
				IPHONEOS_DEPLOYMENT_TARGET = 15.5;
				MTL_ENABLE_DEBUG_INFO = NO;
				MTL_FAST_MATH = YES;
				SDKROOT = iphoneos;
				SWIFT_COMPILATION_MODE = wholemodule;
				SWIFT_OPTIMIZATION_LEVEL = "-O";
				VALIDATE_PRODUCT = YES;
			};
			name = Release;
		};
		26F808B5297E91B4001044EE /* Debug */ = {
			isa = XCBuildConfiguration;
			buildSettings = {
				ASSETCATALOG_COMPILER_APPICON_NAME = AppIcon;
				ASSETCATALOG_COMPILER_GLOBAL_ACCENT_COLOR_NAME = AccentColor;
				CODE_SIGN_STYLE = Automatic;
				CURRENT_PROJECT_VERSION = 1;
				DEVELOPMENT_ASSET_PATHS = "\"Scrumdinger/Preview Content\"";
				ENABLE_PREVIEWS = YES;
				GENERATE_INFOPLIST_FILE = YES;
				INFOPLIST_KEY_UIApplicationSceneManifest_Generation = YES;
				INFOPLIST_KEY_UIApplicationSupportsIndirectInputEvents = YES;
				INFOPLIST_KEY_UILaunchScreen_Generation = YES;
				INFOPLIST_KEY_UISupportedInterfaceOrientations_iPad = "UIInterfaceOrientationPortrait UIInterfaceOrientationPortraitUpsideDown UIInterfaceOrientationLandscapeLeft UIInterfaceOrientationLandscapeRight";
				INFOPLIST_KEY_UISupportedInterfaceOrientations_iPhone = "UIInterfaceOrientationPortrait UIInterfaceOrientationLandscapeLeft UIInterfaceOrientationLandscapeRight";
				LD_RUNPATH_SEARCH_PATHS = (
					"$(inherited)",
					"@executable_path/Frameworks",
				);
				MARKETING_VERSION = 1.0;
				PRODUCT_BUNDLE_IDENTIFIER = kg.bakai.Scrumdinger;
				PRODUCT_NAME = "$(TARGET_NAME)";
				SWIFT_EMIT_LOC_STRINGS = YES;
				SWIFT_VERSION = 5.0;
				TARGETED_DEVICE_FAMILY = "1,2";
			};
			name = Debug;
		};
		26F808B6297E91B4001044EE /* Release */ = {
			isa = XCBuildConfiguration;
			buildSettings = {
				ASSETCATALOG_COMPILER_APPICON_NAME = AppIcon;
				ASSETCATALOG_COMPILER_GLOBAL_ACCENT_COLOR_NAME = AccentColor;
				CODE_SIGN_STYLE = Automatic;
				CURRENT_PROJECT_VERSION = 1;
				DEVELOPMENT_ASSET_PATHS = "\"Scrumdinger/Preview Content\"";
				ENABLE_PREVIEWS = YES;
				GENERATE_INFOPLIST_FILE = YES;
				INFOPLIST_KEY_UIApplicationSceneManifest_Generation = YES;
				INFOPLIST_KEY_UIApplicationSupportsIndirectInputEvents = YES;
				INFOPLIST_KEY_UILaunchScreen_Generation = YES;
				INFOPLIST_KEY_UISupportedInterfaceOrientations_iPad = "UIInterfaceOrientationPortrait UIInterfaceOrientationPortraitUpsideDown UIInterfaceOrientationLandscapeLeft UIInterfaceOrientationLandscapeRight";
				INFOPLIST_KEY_UISupportedInterfaceOrientations_iPhone = "UIInterfaceOrientationPortrait UIInterfaceOrientationLandscapeLeft UIInterfaceOrientationLandscapeRight";
				LD_RUNPATH_SEARCH_PATHS = (
					"$(inherited)",
					"@executable_path/Frameworks",
				);
				MARKETING_VERSION = 1.0;
				PRODUCT_BUNDLE_IDENTIFIER = kg.bakai.Scrumdinger;
				PRODUCT_NAME = "$(TARGET_NAME)";
				SWIFT_EMIT_LOC_STRINGS = YES;
				SWIFT_VERSION = 5.0;
				TARGETED_DEVICE_FAMILY = "1,2";
			};
			name = Release;
		};
		26F808B8297E91B4001044EE /* Debug */ = {
			isa = XCBuildConfiguration;
			buildSettings = {
				ALWAYS_EMBED_SWIFT_STANDARD_LIBRARIES = YES;
				BUNDLE_LOADER = "$(TEST_HOST)";
				CODE_SIGN_STYLE = Automatic;
				CURRENT_PROJECT_VERSION = 1;
				GENERATE_INFOPLIST_FILE = YES;
				IPHONEOS_DEPLOYMENT_TARGET = 15.5;
				MARKETING_VERSION = 1.0;
				PRODUCT_BUNDLE_IDENTIFIER = kg.bakai.ScrumdingerTests;
				PRODUCT_NAME = "$(TARGET_NAME)";
				SWIFT_EMIT_LOC_STRINGS = NO;
				SWIFT_VERSION = 5.0;
				TARGETED_DEVICE_FAMILY = "1,2";
				TEST_HOST = "$(BUILT_PRODUCTS_DIR)/Scrumdinger.app/Scrumdinger";
			};
			name = Debug;
		};
		26F808B9297E91B4001044EE /* Release */ = {
			isa = XCBuildConfiguration;
			buildSettings = {
				ALWAYS_EMBED_SWIFT_STANDARD_LIBRARIES = YES;
				BUNDLE_LOADER = "$(TEST_HOST)";
				CODE_SIGN_STYLE = Automatic;
				CURRENT_PROJECT_VERSION = 1;
				GENERATE_INFOPLIST_FILE = YES;
				IPHONEOS_DEPLOYMENT_TARGET = 15.5;
				MARKETING_VERSION = 1.0;
				PRODUCT_BUNDLE_IDENTIFIER = kg.bakai.ScrumdingerTests;
				PRODUCT_NAME = "$(TARGET_NAME)";
				SWIFT_EMIT_LOC_STRINGS = NO;
				SWIFT_VERSION = 5.0;
				TARGETED_DEVICE_FAMILY = "1,2";
				TEST_HOST = "$(BUILT_PRODUCTS_DIR)/Scrumdinger.app/Scrumdinger";
			};
			name = Release;
		};
		26F808BB297E91B4001044EE /* Debug */ = {
			isa = XCBuildConfiguration;
			buildSettings = {
				ALWAYS_EMBED_SWIFT_STANDARD_LIBRARIES = YES;
				CODE_SIGN_STYLE = Automatic;
				CURRENT_PROJECT_VERSION = 1;
				GENERATE_INFOPLIST_FILE = YES;
				MARKETING_VERSION = 1.0;
				PRODUCT_BUNDLE_IDENTIFIER = kg.bakai.ScrumdingerUITests;
				PRODUCT_NAME = "$(TARGET_NAME)";
				SWIFT_EMIT_LOC_STRINGS = NO;
				SWIFT_VERSION = 5.0;
				TARGETED_DEVICE_FAMILY = "1,2";
				TEST_TARGET_NAME = Scrumdinger;
			};
			name = Debug;
		};
		26F808BC297E91B4001044EE /* Release */ = {
			isa = XCBuildConfiguration;
			buildSettings = {
				ALWAYS_EMBED_SWIFT_STANDARD_LIBRARIES = YES;
				CODE_SIGN_STYLE = Automatic;
				CURRENT_PROJECT_VERSION = 1;
				GENERATE_INFOPLIST_FILE = YES;
				MARKETING_VERSION = 1.0;
				PRODUCT_BUNDLE_IDENTIFIER = kg.bakai.ScrumdingerUITests;
				PRODUCT_NAME = "$(TARGET_NAME)";
				SWIFT_EMIT_LOC_STRINGS = NO;
				SWIFT_VERSION = 5.0;
				TARGETED_DEVICE_FAMILY = "1,2";
				TEST_TARGET_NAME = Scrumdinger;
			};
			name = Release;
		};
/* End XCBuildConfiguration section */

/* Begin XCConfigurationList section */
		26F8088B297E91B0001044EE /* Build configuration list for PBXProject "Scrumdinger" */ = {
			isa = XCConfigurationList;
			buildConfigurations = (
				26F808B2297E91B4001044EE /* Debug */,
				26F808B3297E91B4001044EE /* Release */,
			);
			defaultConfigurationIsVisible = 0;
			defaultConfigurationName = Release;
		};
		26F808B4297E91B4001044EE /* Build configuration list for PBXNativeTarget "Scrumdinger" */ = {
			isa = XCConfigurationList;
			buildConfigurations = (
				26F808B5297E91B4001044EE /* Debug */,
				26F808B6297E91B4001044EE /* Release */,
			);
			defaultConfigurationIsVisible = 0;
			defaultConfigurationName = Release;
		};
		26F808B7297E91B4001044EE /* Build configuration list for PBXNativeTarget "ScrumdingerTests" */ = {
			isa = XCConfigurationList;
			buildConfigurations = (
				26F808B8297E91B4001044EE /* Debug */,
				26F808B9297E91B4001044EE /* Release */,
			);
			defaultConfigurationIsVisible = 0;
			defaultConfigurationName = Release;
		};
		26F808BA297E91B4001044EE /* Build configuration list for PBXNativeTarget "ScrumdingerUITests" */ = {
			isa = XCConfigurationList;
			buildConfigurations = (
				26F808BB297E91B4001044EE /* Debug */,
				26F808BC297E91B4001044EE /* Release */,
			);
			defaultConfigurationIsVisible = 0;
			defaultConfigurationName = Release;
		};
/* End XCConfigurationList section */
	};
	rootObject = 26F80888297E91B0001044EE /* Project object */;
}
